
Microsoft Visual Studio Solution File, Format Version 12.00
# Visual Studio Version 17
VisualStudioVersion = 17.7.34202.233
MinimumVisualStudioVersion = 10.0.40219.1
Project("{8BC9CEB8-8B4A-11D0-8D11-00A0C91BC942}") = "HashTableChaining", "HashTableChaining\HashTableChaining.vcxproj", "{B19287DD-61EE-43A5-AE5E-088424EFF415}"
EndProject
Global
	GlobalSection(SolutionConfigurationPlatforms) = preSolution
		Debug|x64 = Debug|x64
		Debug|x86 = Debug|x86
		Release|x64 = Release|x64
		Release|x86 = Release|x86
	EndGlobalSection
	GlobalSection(ProjectConfigurationPlatforms) = postSolution
		{B19287DD-61EE-43A5-AE5E-088424EFF415}.Debug|x64.ActiveCfg = Debug|x64
		{B19287DD-61EE-43A5-AE5E-088424EFF415}.Debug|x64.Build.0 = Debug|x64
		{B19287DD-61EE-43A5-AE5E-088424EFF415}.Debug|x86.ActiveCfg = Debug|Win32
		{B19287DD-61EE-43A5-AE5E-088424EFF415}.Debug|x86.Build.0 = Debug|Win32
		{B19287DD-61EE-43A5-AE5E-088424EFF415}.Release|x64.ActiveCfg = Release|x64
		{B19287DD-61EE-43A5-AE5E-088424EFF415}.Release|x64.Build.0 = Release|x64
		{B19287DD-61EE-43A5-AE5E-088424EFF415}.Release|x86.ActiveCfg = Release|Win32
		{B19287DD-61EE-43A5-AE5E-088424EFF415}.Release|x86.Build.0 = Release|Win32
	EndGlobalSection
	GlobalSection(SolutionProperties) = preSolution
		HideSolutionNode = FALSE
	EndGlobalSection
	GlobalSection(ExtensibilityGlobals) = postSolution
		SolutionGuid = {FB633332-3A65-45F1-9211-3A1B76B440FD}
	EndGlobalSection
EndGlobal
